{
  "name": "ghsed",
  "version": "0.0.0",
  "lockfileVersion": 1,
  "requires": true,
  "dependencies": {
    "@types/chai": {
      "version": "4.0.0",
      "resolved": "https://registry.npmjs.org/@types/chai/-/chai-4.0.0.tgz",
      "integrity": "sha512-B56eI1x+Av9A7XHsgF0+WyLyBytAQqvdBoaULY3c4TGeKwLm43myB78EeBA8/VQn74KblXM4/ecmjTJJXUUF1A==",
      "dev": true
    },
    "@types/chalk": {
      "version": "0.4.31",
      "resolved": "https://registry.npmjs.org/@types/chalk/-/chalk-0.4.31.tgz",
      "integrity": "sha1-ox10JBprHtu5c8822XooloNKUfk="
    },
    "@types/diff": {
      "version": "0.0.31",
      "resolved": "https://registry.npmjs.org/@types/diff/-/diff-0.0.31.tgz",
      "integrity": "sha1-ORlDcgoE9LopB5TqkMFQTBDTACU="
    },
    "@types/git": {
      "version": "0.0.18",
      "resolved": "https://registry.npmjs.org/@types/git/-/git-0.0.18.tgz",
      "integrity": "sha1-F6cCMv1iBhx4owDDZ7v1ywhe+kA="
    },
    "@types/inquirer": {
      "version": "0.0.34",
      "resolved": "https://registry.npmjs.org/@types/inquirer/-/inquirer-0.0.34.tgz",
      "integrity": "sha1-fiUK6NAS2thT9bnkLUWFHKOUhZc="
    },
    "@types/lodash": {
      "version": "4.14.66",
      "resolved": "https://registry.npmjs.org/@types/lodash/-/lodash-4.14.66.tgz",
      "integrity": "sha512-LpGSiIy5/utq8AT2bSXGnENnS1kCZJ1m84L1yqKst2UehSZe6VWROmiysYg/lLJR6zu2ooeVoQtkUHToA+mEtQ=="
    },
    "@types/meow": {
      "version": "3.6.2",
      "resolved": "https://registry.npmjs.org/@types/meow/-/meow-3.6.2.tgz",
      "integrity": "sha1-0Thn+X2LJYIA4U9Zxu0H8Is0KA4="
    },
    "@types/mocha": {
      "version": "2.2.41",
      "resolved": "https://registry.npmjs.org/@types/mocha/-/mocha-2.2.41.tgz",
      "integrity": "sha1-4nzwgXFT658nE7LT9saPHhw8pgg=",
      "dev": true
    },
    "@types/node": {
      "version": "7.0.31",
      "resolved": "https://registry.npmjs.org/@types/node/-/node-7.0.31.tgz",
      "integrity": "sha512-+KrE1LDddn97ip+gXZAnzNQ0pupKH/6tcKwTpo96BDVNpzmhIKGHug0Wd3H0dN4WEqYB1tXYI5m2mZuIZNI8tg==",
      "dev": true
    },
    "@types/shelljs": {
      "version": "0.7.2",
      "resolved": "https://registry.npmjs.org/@types/shelljs/-/shelljs-0.7.2.tgz",
      "integrity": "sha512-NanpA4ybcKXr32Zg7sgHvOfir/AeoOdN7+8TpnWueHkmPhVZLSPWU4LLl7y7d2FG08jaxE18HZjlATjttmjHCQ=="
    },
    "@types/sinon": {
      "version": "2.3.1",
      "resolved": "https://registry.npmjs.org/@types/sinon/-/sinon-2.3.1.tgz",
      "integrity": "sha512-WXpK6gOice0sdhfrAtRaDNtg0E0e04MRuCKYuqtCmc8O1P9P+ia3Z5zuMf4cDVB27s9w4UjjML5/6vjkiI2gNA==",
      "dev": true
    },
    "@types/sinon-chai": {
      "version": "2.7.28",
      "resolved": "https://registry.npmjs.org/@types/sinon-chai/-/sinon-chai-2.7.28.tgz",
      "integrity": "sha512-qh9K/XtXzdHWiUqvFFjw3jQ5ZNrw0wzHaCWTcgBfSn7KwbjZHywinAdinSpUXeHBv+4cojk/9WSrPwVPYiITTA==",
      "dev": true
    },
    "@types/tmp": {
      "version": "0.0.33",
      "resolved": "https://registry.npmjs.org/@types/tmp/-/tmp-0.0.33.tgz",
      "integrity": "sha1-EHPEvIJHVK49EM+riKsCN7qWTk0="
    },
    "chai": {
      "version": "4.0.2",
      "resolved": "https://registry.npmjs.org/chai/-/chai-4.0.2.tgz",
      "integrity": "sha1-L3MnxN5vOF3XeHmZ4qsCaXoyuDs=",
      "dev": true
    },
    "chalk": {
      "version": "1.1.3",
      "resolved": "https://registry.npmjs.org/chalk/-/chalk-1.1.3.tgz",
      "integrity": "sha1-qBFcVeSnAv5NFQq9OHKCKn4J/Jg="
    },
    "codecov": {
      "version": "2.2.0",
      "resolved": "https://registry.npmjs.org/codecov/-/codecov-2.2.0.tgz",
      "integrity": "sha1-LQaBfOuIkeymNog21Ptr9swE/9E=",
      "dev": true
    },
    "diff": {
      "version": "3.2.0",
      "resolved": "https://registry.npmjs.org/diff/-/diff-3.2.0.tgz",
      "integrity": "sha1-yc45Okt8vQsFinJck98pkCeGj/k="
    },
    "github-api": {
      "version": "3.0.0",
      "resolved": "https://registry.npmjs.org/github-api/-/github-api-3.0.0.tgz",
      "integrity": "sha1-KDL5jQ06g/FIXi2zLJJZ5LnECnU="
    },
    "inquirer": {
      "version": "3.1.0",
      "resolved": "https://registry.npmjs.org/inquirer/-/inquirer-3.1.0.tgz",
      "integrity": "sha512-JLl89yPOEoGohLjeGs3XCekeovADbrEw/WRJQYgPED6zeJWrpIsY9i9/rn+VltZox/9w94lVYqo94QfEmniB1w=="
    },
    "lodash": {
      "version": "4.17.19",
      "resolved": "https://registry.npmjs.org/lodash/-/lodash-4.17.19.tgz",
      "integrity": "sha512-JNvd8XER9GQX0v2qJgsaN/mzFCNA5BRe/j8JN9d+tWyGLSodKQHKFicdwNYzWwI3wjRnaKPsGj1XkBjx/F96DQ=="
    },
    "meow": {
      "version": "3.7.0",
      "resolved": "https://registry.npmjs.org/meow/-/meow-3.7.0.tgz",
      "integrity": "sha1-cstmi0JSKCkKu/qFaJJYcwioAfs="
    },
    "mocha": {
      "version": "3.4.2",
      "resolved": "https://registry.npmjs.org/mocha/-/mocha-3.4.2.tgz",
      "integrity": "sha1-0O9NMyEm2/GNDWQMmzgt1IvpdZQ=",
      "dev": true,
      "dependencies": {
        "debug": {
          "version": "2.6.0",
          "resolved": "https://registry.npmjs.org/debug/-/debug-2.6.0.tgz",
          "integrity": "sha1-vFlryr52F/Edn6FTYe3tVgi4SZs="
        },
        "glob": {
          "version": "7.1.1",
          "resolved": "https://registry.npmjs.org/glob/-/glob-7.1.1.tgz",
          "integrity": "sha1-gFIR3wT6rxxjo2ADBs31reULLsg="
        },
        "ms": {
          "version": "0.7.2",
          "resolved": "https://registry.npmjs.org/ms/-/ms-0.7.2.tgz",
          "integrity": "sha1-riXPJRKziFodldfwN4aNhDESR2U="
        },
        "supports-color": {
          "version": "3.1.2",
          "resolved": "https://registry.npmjs.org/supports-color/-/supports-color-3.1.2.tgz",
          "integrity": "sha1-cqJiiU2dQIuVbKBf83su2KbiotU="
        }
      }
    },
    "node-git": {
      "version": "0.0.0",
      "resolved": "https://registry.npmjs.org/node-git/-/node-git-0.0.0.tgz",
      "integrity": "sha1-XVSkOohrAGW7Qik+Jb85MFtPiVw="
    },
    "npm-prepublish": {
      "version": "1.2.2",
      "resolved": "https://registry.npmjs.org/npm-prepublish/-/npm-prepublish-1.2.2.tgz",
      "integrity": "sha1-0ipiIaTR9JHwZ23XWJKIsBJZFuA=",
      "dev": true
    },
    "nyc": {
      "version": "11.0.2",
      "resolved": "https://registry.npmjs.org/nyc/-/nyc-11.0.2.tgz",
      "integrity": "sha512-31rRd6ME9NM17w0oPKqi51a6fzJAqYarnzQXK+iL8XaX+3H6VH0BQut7qHIgrv2mBASRic4oNi2KRgcbFODrsQ==",
      "dev": true,
      "dependencies": {
        "align-text": {
          "version": "0.1.4",
          "bundled": true
        },
        "amdefine": {
          "version": "1.0.1",
          "bundled": true
        },
        "ansi-regex": {
          "version": "2.1.1",
          "bundled": true
        },
        "ansi-styles": {
          "version": "2.2.1",
          "bundled": true
        },
        "append-transform": {
          "version": "0.4.0",
          "bundled": true
        },
        "archy": {
          "version": "1.0.0",
          "bundled": true
        },
        "arr-diff": {
          "version": "2.0.0",
          "bundled": true
        },
        "arr-flatten": {
          "version": "1.0.3",
          "bundled": true
        },
        "array-unique": {
          "version": "0.2.1",
          "bundled": true
        },
        "arrify": {
          "version": "1.0.1",
          "bundled": true
        },
        "async": {
          "version": "1.5.2",
          "bundled": true
        },
        "babel-code-frame": {
          "version": "6.22.0",
          "bundled": true
        },
        "babel-generator": {
          "version": "6.24.1",
          "bundled": true
        },
        "babel-messages": {
          "version": "6.23.0",
          "bundled": true
        },
        "babel-runtime": {
          "version": "6.23.0",
          "bundled": true
        },
        "babel-template": {
          "version": "6.24.1",
          "bundled": true
        },
        "babel-traverse": {
          "version": "6.24.1",
          "bundled": true
        },
        "babel-types": {
          "version": "6.24.1",
          "bundled": true
        },
        "babylon": {
          "version": "6.17.2",
          "bundled": true
        },
        "balanced-match": {
          "version": "0.4.2",
          "bundled": true
        },
        "brace-expansion": {
          "version": "1.1.7",
          "bundled": true
        },
        "braces": {
          "version": "1.8.5",
          "bundled": true
        },
        "builtin-modules": {
          "version": "1.1.1",
          "bundled": true
        },
        "caching-transform": {
          "version": "1.0.1",
          "bundled": true
        },
        "center-align": {
          "version": "0.1.3",
          "bundled": true
        },
        "chalk": {
          "version": "1.1.3",
          "bundled": true
        },
        "cliui": {
          "version": "2.1.0",
          "bundled": true,
          "dependencies": {
            "wordwrap": {
              "version": "0.0.2",
              "bundled": true
            }
          }
        },
        "code-point-at": {
          "version": "1.1.0",
          "bundled": true
        },
        "commondir": {
          "version": "1.0.1",
          "bundled": true
        },
        "concat-map": {
          "version": "0.0.1",
          "bundled": true
        },
        "convert-source-map": {
          "version": "1.5.0",
          "bundled": true
        },
        "core-js": {
          "version": "2.4.1",
          "bundled": true
        },
        "cross-spawn": {
          "version": "4.0.2",
          "bundled": true
        },
        "debug": {
          "version": "2.6.8",
          "bundled": true
        },
        "debug-log": {
          "version": "1.0.1",
          "bundled": true
        },
        "decamelize": {
          "version": "1.2.0",
          "bundled": true
        },
        "default-require-extensions": {
          "version": "1.0.0",
          "bundled": true
        },
        "detect-indent": {
          "version": "4.0.0",
          "bundled": true
        },
        "error-ex": {
          "version": "1.3.1",
          "bundled": true
        },
        "escape-string-regexp": {
          "version": "1.0.5",
          "bundled": true
        },
        "esutils": {
          "version": "2.0.2",
          "bundled": true
        },
        "execa": {
          "version": "0.5.1",
          "bundled": true
        },
        "expand-brackets": {
          "version": "0.1.5",
          "bundled": true
        },
        "expand-range": {
          "version": "1.8.2",
          "bundled": true
        },
        "extglob": {
          "version": "0.3.2",
          "bundled": true
        },
        "filename-regex": {
          "version": "2.0.1",
          "bundled": true
        },
        "fill-range": {
          "version": "2.2.3",
          "bundled": true
        },
        "find-cache-dir": {
          "version": "0.1.1",
          "bundled": true
        },
        "find-up": {
          "version": "2.1.0",
          "bundled": true
        },
        "for-in": {
          "version": "1.0.2",
          "bundled": true
        },
        "for-own": {
          "version": "0.1.5",
          "bundled": true
        },
        "foreground-child": {
          "version": "1.5.6",
          "bundled": true
        },
        "fs.realpath": {
          "version": "1.0.0",
          "bundled": true
        },
        "get-caller-file": {
          "version": "1.0.2",
          "bundled": true
        },
        "get-stream": {
          "version": "2.3.1",
          "bundled": true
        },
        "glob": {
          "version": "7.1.2",
          "bundled": true
        },
        "glob-base": {
          "version": "0.3.0",
          "bundled": true
        },
        "glob-parent": {
          "version": "2.0.0",
          "bundled": true
        },
        "globals": {
          "version": "9.17.0",
          "bundled": true
        },
        "graceful-fs": {
          "version": "4.1.11",
          "bundled": true
        },
        "handlebars": {
          "version": "4.0.10",
          "bundled": true,
          "dependencies": {
            "source-map": {
              "version": "0.4.4",
              "bundled": true
            }
          }
        },
        "has-ansi": {
          "version": "2.0.0",
          "bundled": true
        },
        "has-flag": {
          "version": "1.0.0",
          "bundled": true
        },
        "hosted-git-info": {
          "version": "2.4.2",
          "bundled": true
        },
        "imurmurhash": {
          "version": "0.1.4",
          "bundled": true
        },
        "inflight": {
          "version": "1.0.6",
          "bundled": true
        },
        "inherits": {
          "version": "2.0.3",
          "bundled": true
        },
        "invariant": {
          "version": "2.2.2",
          "bundled": true
        },
        "invert-kv": {
          "version": "1.0.0",
          "bundled": true
        },
        "is-arrayish": {
          "version": "0.2.1",
          "bundled": true
        },
        "is-buffer": {
          "version": "1.1.5",
          "bundled": true
        },
        "is-builtin-module": {
          "version": "1.0.0",
          "bundled": true
        },
        "is-dotfile": {
          "version": "1.0.3",
          "bundled": true
        },
        "is-equal-shallow": {
          "version": "0.1.3",
          "bundled": true
        },
        "is-extendable": {
          "version": "0.1.1",
          "bundled": true
        },
        "is-extglob": {
          "version": "1.0.0",
          "bundled": true
        },
        "is-finite": {
          "version": "1.0.2",
          "bundled": true
        },
        "is-fullwidth-code-point": {
          "version": "1.0.0",
          "bundled": true
        },
        "is-glob": {
          "version": "2.0.1",
          "bundled": true
        },
        "is-number": {
          "version": "2.1.0",
          "bundled": true
        },
        "is-posix-bracket": {
          "version": "0.1.1",
          "bundled": true
        },
        "is-primitive": {
          "version": "2.0.0",
          "bundled": true
        },
        "is-stream": {
          "version": "1.1.0",
          "bundled": true
        },
        "is-utf8": {
          "version": "0.2.1",
          "bundled": true
        },
        "isarray": {
          "version": "1.0.0",
          "bundled": true
        },
        "isexe": {
          "version": "2.0.0",
          "bundled": true
        },
        "isobject": {
          "version": "2.1.0",
          "bundled": true
        },
        "istanbul-lib-coverage": {
          "version": "1.1.1",
          "bundled": true
        },
        "istanbul-lib-hook": {
          "version": "1.0.7",
          "bundled": true
        },
        "istanbul-lib-instrument": {
          "version": "1.7.2",
          "bundled": true
        },
        "istanbul-lib-report": {
          "version": "1.1.1",
          "bundled": true,
          "dependencies": {
            "supports-color": {
              "version": "3.2.3",
              "bundled": true
            }
          }
        },
        "istanbul-lib-source-maps": {
          "version": "1.2.1",
          "bundled": true
        },
        "istanbul-reports": {
          "version": "1.1.1",
          "bundled": true
        },
        "js-tokens": {
          "version": "3.0.1",
          "bundled": true
        },
        "jsesc": {
          "version": "1.3.0",
          "bundled": true
        },
        "kind-of": {
          "version": "3.2.2",
          "bundled": true
        },
        "lazy-cache": {
          "version": "1.0.4",
          "bundled": true
        },
        "lcid": {
          "version": "1.0.0",
          "bundled": true
        },
        "load-json-file": {
          "version": "1.1.0",
          "bundled": true
        },
        "locate-path": {
          "version": "2.0.0",
          "bundled": true,
          "dependencies": {
            "path-exists": {
              "version": "3.0.0",
              "bundled": true
            }
          }
        },
        "lodash": {
          "version": "4.17.4",
          "bundled": true
        },
        "longest": {
          "version": "1.0.1",
          "bundled": true
        },
        "loose-envify": {
          "version": "1.3.1",
          "bundled": true
        },
        "lru-cache": {
          "version": "4.0.2",
          "bundled": true
        },
        "md5-hex": {
          "version": "1.3.0",
          "bundled": true
        },
        "md5-o-matic": {
          "version": "0.1.1",
          "bundled": true
        },
        "mem": {
          "version": "1.1.0",
          "bundled": true
        },
        "merge-source-map": {
          "version": "1.0.3",
          "bundled": true
        },
        "micromatch": {
          "version": "2.3.11",
          "bundled": true
        },
        "mimic-fn": {
          "version": "1.1.0",
          "bundled": true
        },
        "minimatch": {
          "version": "3.0.4",
          "bundled": true
        },
        "minimist": {
          "version": "0.0.8",
          "bundled": true
        },
        "mkdirp": {
          "version": "0.5.1",
          "bundled": true
        },
        "ms": {
          "version": "2.0.0",
          "bundled": true
        },
        "normalize-package-data": {
          "version": "2.3.8",
          "bundled": true
        },
        "normalize-path": {
          "version": "2.1.1",
          "bundled": true
        },
        "npm-run-path": {
          "version": "2.0.2",
          "bundled": true
        },
        "number-is-nan": {
          "version": "1.0.1",
          "bundled": true
        },
        "object-assign": {
          "version": "4.1.1",
          "bundled": true
        },
        "object.omit": {
          "version": "2.0.1",
          "bundled": true
        },
        "once": {
          "version": "1.4.0",
          "bundled": true
        },
        "optimist": {
          "version": "0.6.1",
          "bundled": true
        },
        "os-homedir": {
          "version": "1.0.2",
          "bundled": true
        },
        "os-locale": {
          "version": "2.0.0",
          "bundled": true
        },
        "p-finally": {
          "version": "1.0.0",
          "bundled": true
        },
        "p-limit": {
          "version": "1.1.0",
          "bundled": true
        },
        "p-locate": {
          "version": "2.0.0",
          "bundled": true
        },
        "parse-glob": {
          "version": "3.0.4",
          "bundled": true
        },
        "parse-json": {
          "version": "2.2.0",
          "bundled": true
        },
        "path-exists": {
          "version": "2.1.0",
          "bundled": true
        },
        "path-is-absolute": {
          "version": "1.0.1",
          "bundled": true
        },
        "path-key": {
          "version": "2.0.1",
          "bundled": true
        },
        "path-parse": {
          "version": "1.0.5",
          "bundled": true
        },
        "path-type": {
          "version": "1.1.0",
          "bundled": true
        },
        "pify": {
          "version": "2.3.0",
          "bundled": true
        },
        "pinkie": {
          "version": "2.0.4",
          "bundled": true
        },
        "pinkie-promise": {
          "version": "2.0.1",
          "bundled": true
        },
        "pkg-dir": {
          "version": "1.0.0",
          "bundled": true,
          "dependencies": {
            "find-up": {
              "version": "1.1.2",
              "bundled": true
            }
          }
        },
        "preserve": {
          "version": "0.2.0",
          "bundled": true
        },
        "pseudomap": {
          "version": "1.0.2",
          "bundled": true
        },
        "randomatic": {
          "version": "1.1.6",
          "bundled": true
        },
        "read-pkg": {
          "version": "1.1.0",
          "bundled": true
        },
        "read-pkg-up": {
          "version": "1.0.1",
          "bundled": true,
          "dependencies": {
            "find-up": {
              "version": "1.1.2",
              "bundled": true
            }
          }
        },
        "regenerator-runtime": {
          "version": "0.10.5",
          "bundled": true
        },
        "regex-cache": {
          "version": "0.4.3",
          "bundled": true
        },
        "remove-trailing-separator": {
          "version": "1.0.1",
          "bundled": true
        },
        "repeat-element": {
          "version": "1.1.2",
          "bundled": true
        },
        "repeat-string": {
          "version": "1.6.1",
          "bundled": true
        },
        "repeating": {
          "version": "2.0.1",
          "bundled": true
        },
        "require-directory": {
          "version": "2.1.1",
          "bundled": true
        },
        "require-main-filename": {
          "version": "1.0.1",
          "bundled": true
        },
        "resolve-from": {
          "version": "2.0.0",
          "bundled": true
        },
        "right-align": {
          "version": "0.1.3",
          "bundled": true
        },
        "rimraf": {
          "version": "2.6.1",
          "bundled": true
        },
        "semver": {
          "version": "5.3.0",
          "bundled": true
        },
        "set-blocking": {
          "version": "2.0.0",
          "bundled": true
        },
        "signal-exit": {
          "version": "3.0.2",
          "bundled": true
        },
        "slide": {
          "version": "1.1.6",
          "bundled": true
        },
        "source-map": {
          "version": "0.5.6",
          "bundled": true
        },
        "spawn-wrap": {
          "version": "1.3.6",
          "bundled": true
        },
        "spdx-correct": {
          "version": "1.0.2",
          "bundled": true
        },
        "spdx-expression-parse": {
          "version": "1.0.4",
          "bundled": true
        },
        "spdx-license-ids": {
          "version": "1.2.2",
          "bundled": true
        },
        "string-width": {
          "version": "2.0.0",
          "bundled": true,
          "dependencies": {
            "is-fullwidth-code-point": {
              "version": "2.0.0",
              "bundled": true
            }
          }
        },
        "strip-ansi": {
          "version": "3.0.1",
          "bundled": true
        },
        "strip-bom": {
          "version": "2.0.0",
          "bundled": true
        },
        "strip-eof": {
          "version": "1.0.0",
          "bundled": true
        },
        "supports-color": {
          "version": "2.0.0",
          "bundled": true
        },
        "test-exclude": {
          "version": "4.1.1",
          "bundled": true
        },
        "to-fast-properties": {
          "version": "1.0.3",
          "bundled": true
        },
        "trim-right": {
          "version": "1.0.1",
          "bundled": true
        },
        "uglify-js": {
          "version": "2.8.27",
          "bundled": true,
          "dependencies": {
            "camelcase": {
              "version": "1.2.1",
              "bundled": true
            },
            "yargs": {
              "version": "3.10.0",
              "bundled": true
            }
          }
        },
        "uglify-to-browserify": {
          "version": "1.0.2",
          "bundled": true
        },
        "validate-npm-package-license": {
          "version": "3.0.1",
          "bundled": true
        },
        "which": {
          "version": "1.2.14",
          "bundled": true
        },
        "which-module": {
          "version": "2.0.0",
          "bundled": true
        },
        "window-size": {
          "version": "0.1.0",
          "bundled": true
        },
        "wordwrap": {
          "version": "0.0.3",
          "bundled": true
        },
        "wrap-ansi": {
          "version": "2.1.0",
          "bundled": true,
          "dependencies": {
            "string-width": {
              "version": "1.0.2",
              "bundled": true
            }
          }
        },
        "wrappy": {
          "version": "1.0.2",
          "bundled": true
        },
        "write-file-atomic": {
          "version": "1.3.4",
          "bundled": true
        },
        "y18n": {
          "version": "3.2.1",
          "bundled": true
        },
        "yallist": {
          "version": "2.1.2",
          "bundled": true
        },
        "yargs": {
          "version": "8.0.1",
          "bundled": true,
          "dependencies": {
            "camelcase": {
              "version": "4.1.0",
              "bundled": true
            },
            "cliui": {
              "version": "3.2.0",
              "bundled": true,
              "dependencies": {
                "string-width": {
                  "version": "1.0.2",
                  "bundled": true
                }
              }
            },
            "load-json-file": {
              "version": "2.0.0",
              "bundled": true
            },
            "path-type": {
              "version": "2.0.0",
              "bundled": true
            },
            "read-pkg": {
              "version": "2.0.0",
              "bundled": true
            },
            "read-pkg-up": {
              "version": "2.0.0",
              "bundled": true
            },
            "strip-bom": {
              "version": "3.0.0",
              "bundled": true
            },
            "yargs-parser": {
              "version": "7.0.0",
              "bundled": true
            }
          }
        },
        "yargs-parser": {
          "version": "5.0.0",
          "bundled": true,
          "dependencies": {
            "camelcase": {
              "version": "3.0.0",
              "bundled": true
            }
          }
        }
      }
    },
    "parse-sed": {
      "version": "github:aendrew/parse-sed#c7b93222ad414a85c7d30796f425f721462c6d1b",
      "from": "github:aendrew/parse-sed#c7b93222ad414a85c7d30796f425f721462c6d1b"
    },
    "shelljs": {
      "version": "0.7.8",
      "resolved": "https://registry.npmjs.org/shelljs/-/shelljs-0.7.8.tgz",
      "integrity": "sha1-3svPh0sNHl+3LhSxZKloMEjprLM="
    },
    "sinon": {
      "version": "2.3.4",
      "resolved": "https://registry.npmjs.org/sinon/-/sinon-2.3.4.tgz",
      "integrity": "sha1-RmrY0brobW21GqIYuS6Ze8Pl24g=",
      "dev": true
    },
    "sinon-chai": {
      "version": "2.11.0",
      "resolved": "https://registry.npmjs.org/sinon-chai/-/sinon-chai-2.11.0.tgz",
      "integrity": "sha512-3kbzpr2q8N+M4CWkcym349ifwkXorsbw2YyVpEIvB3AKC/ebrLHXj3DySt8epKGA49zJBSgn1OvWHZ+O+aR0dA==",
      "dev": true
    },
    "tmp": {
      "version": "0.0.31",
      "resolved": "https://registry.npmjs.org/tmp/-/tmp-0.0.31.tgz",
      "integrity": "sha1-jzirlDjhcxXl29izZX6L+yd65Kc="
    },
    "ts-node": {
      "version": "2.1.2",
      "resolved": "https://registry.npmjs.org/ts-node/-/ts-node-2.1.2.tgz",
      "integrity": "sha1-RQh7ReezcbPa8E7MRw7CmoNmVeo=",
      "dependencies": {
        "yn": {
          "version": "1.3.0",
          "resolved": "https://registry.npmjs.org/yn/-/yn-1.3.0.tgz",
          "integrity": "sha1-GwgSq7jYBdSJZvjfOF3J2syaGdg="
        }
      }
    },
    "tslint": {
      "version": "5.4.3",
      "resolved": "https://registry.npmjs.org/tslint/-/tslint-5.4.3.tgz",
      "integrity": "sha1-dhyEArgONHt3M6BDkKdXslNYBGc=",
      "dev": true,
      "dependencies": {
        "colors": {
          "version": "1.1.2",
          "resolved": "https://registry.npmjs.org/colors/-/colors-1.1.2.tgz",
          "integrity": "sha1-FopHAXVran9RoSzgyXv6KMCE7WM="
        }
      }
    },
    "typescript": {
      "version": "2.3.4",
      "resolved": "https://registry.npmjs.org/typescript/-/typescript-2.3.4.tgz",
      "integrity": "sha1-PTgyGCgjHkNPKHUUlZw3qCtin0I=",
      "dev": true
    }
  }
}
